
Microsoft Visual Studio Solution File, Format Version 12.00
# Visual Studio Version 16
VisualStudioVersion = 16.0.30907.101
MinimumVisualStudioVersion = 10.0.40219.1
Project("{FAE04EC0-301F-11D3-BF4B-00C04F79EFBC}") = "ExtractGalery", "ExtractGalery\ExtractGalery.csproj", "{5F18A930-A048-463C-B54B-D3DF6183080F}"
EndProject
Global
	GlobalSection(SolutionConfigurationPlatforms) = preSolution
		Debug|Any CPU = Debug|Any CPU
		Release|Any CPU = Release|Any CPU
	EndGlobalSection
	GlobalSection(ProjectConfigurationPlatforms) = postSolution
		{5F18A930-A048-463C-B54B-D3DF6183080F}.Debug|Any CPU.ActiveCfg = Debug|Any CPU
		{5F18A930-A048-463C-B54B-D3DF6183080F}.Debug|Any CPU.Build.0 = Debug|Any CPU
		{5F18A930-A048-463C-B54B-D3DF6183080F}.Release|Any CPU.ActiveCfg = Release|Any CPU
		{5F18A930-A048-463C-B54B-D3DF6183080F}.Release|Any CPU.Build.0 = Release|Any CPU
	EndGlobalSection
	GlobalSection(SolutionProperties) = preSolution
		HideSolutionNode = FALSE
	EndGlobalSection
	GlobalSection(ExtensibilityGlobals) = postSolution
		SolutionGuid = {C7D7E943-1DAF-416E-8B11-D3C2FF8FC4FA}
	EndGlobalSection
EndGlobal
